{
  "name": "lightstream",
  "lockfileVersion": 2,
  "requires": true,
  "packages": {
    "": {
      "dependencies": {
        "lightstreamer-client-web": "^8.0.7"
      }
    },
    "node_modules/lightstreamer-client-web": {
      "version": "8.0.7",
      "resolved": "https://registry.npmjs.org/lightstreamer-client-web/-/lightstreamer-client-web-8.0.7.tgz",
      "integrity": "sha512-7N6L68W2EHJtHeZ0h6GWAg6bERn9wHasEyAZhVMATaXKdkZ+8hLAAAna/VdnsECnmCGIHuAdWaTR4YJMxtbWzA=="
    }
  },
  "dependencies": {
    "lightstreamer-client-web": {
      "version": "8.0.7",
      "resolved": "https://registry.npmjs.org/lightstreamer-client-web/-/lightstreamer-client-web-8.0.7.tgz",
      "integrity": "sha512-7N6L68W2EHJtHeZ0h6GWAg6bERn9wHasEyAZhVMATaXKdkZ+8hLAAAna/VdnsECnmCGIHuAdWaTR4YJMxtbWzA=="
    }
  }
}
